// !$*UTF8*$!
{
	archiveVersion = 1;
	classes = {
	};
	objectVersion = 50;
	objects = {

/* Begin PBXBuildFile section */
		C652CC6C254306EC00DF94E6 /* AppDelegate.swift in Sources */ = {isa = PBXBuildFile; fileRef = C652CC6B254306EC00DF94E6 /* AppDelegate.swift */; };
		C652CC6E254306ED00DF94E6 /* SceneDelegate.swift in Sources */ = {isa = PBXBuildFile; fileRef = C652CC6D254306ED00DF94E6 /* SceneDelegate.swift */; };
		C652CC70254306ED00DF94E6 /* ContentView.swift in Sources */ = {isa = PBXBuildFile; fileRef = C652CC6F254306ED00DF94E6 /* ContentView.swift */; };
		C652CC73254306ED00DF94E6 /* Muhammad_GuessingGame.xcdatamodeld in Sources */ = {isa = PBXBuildFile; fileRef = C652CC71254306ED00DF94E6 /* Muhammad_GuessingGame.xcdatamodeld */; };
		C652CC75254306ED00DF94E6 /* Assets.xcassets in Resources */ = {isa = PBXBuildFile; fileRef = C652CC74254306ED00DF94E6 /* Assets.xcassets */; };
		C652CC78254306ED00DF94E6 /* Preview Assets.xcassets in Resources */ = {isa = PBXBuildFile; fileRef = C652CC77254306ED00DF94E6 /* Preview Assets.xcassets */; };
		C652CC7B254306ED00DF94E6 /* LaunchScreen.storyboard in Resources */ = {isa = PBXBuildFile; fileRef = C652CC79254306ED00DF94E6 /* LaunchScreen.storyboard */; };
		C652CC96254319E800DF94E6 /* Guess_ViewModel.swift in Sources */ = {isa = PBXBuildFile; fileRef = C652CC95254319E800DF94E6 /* Guess_ViewModel.swift */; };
/* End PBXBuildFile section */

/* Begin PBXFileReference section */
		C652CC68254306EC00DF94E6 /* Muhammad_GuessingGame.app */ = {isa = PBXFileReference; explicitFileType = wrapper.application; includeInIndex = 0; path = Muhammad_GuessingGame.app; sourceTree = BUILT_PRODUCTS_DIR; };
		C652CC6B254306EC00DF94E6 /* AppDelegate.swift */ = {isa = PBXFileReference; lastKnownFileType = sourcecode.swift; path = AppDelegate.swift; sourceTree = "<group>"; };
		C652CC6D254306ED00DF94E6 /* SceneDelegate.swift */ = {isa = PBXFileReference; lastKnownFileType = sourcecode.swift; path = SceneDelegate.swift; sourceTree = "<group>"; };
		C652CC6F254306ED00DF94E6 /* ContentView.swift */ = {isa = PBXFileReference; lastKnownFileType = sourcecode.swift; path = ContentView.swift; sourceTree = "<group>"; };
		C652CC72254306ED00DF94E6 /* Muhammad_GuessingGame.xcdatamodel */ = {isa = PBXFileReference; lastKnownFileType = wrapper.xcdatamodel; path = Muhammad_GuessingGame.xcdatamodel; sourceTree = "<group>"; };
		C652CC74254306ED00DF94E6 /* Assets.xcassets */ = {isa = PBXFileReference; lastKnownFileType = folder.assetcatalog; path = Assets.xcassets; sourceTree = "<group>"; };
		C652CC77254306ED00DF94E6 /* Preview Assets.xcassets */ = {isa = PBXFileReference; lastKnownFileType = folder.assetcatalog; path = "Preview Assets.xcassets"; sourceTree = "<group>"; };
		C652CC7A254306ED00DF94E6 /* Base */ = {isa = PBXFileReference; lastKnownFileType = file.storyboard; name = Base; path = Base.lproj/LaunchScreen.storyboard; sourceTree = "<group>"; };
		C652CC7C254306ED00DF94E6 /* Info.plist */ = {isa = PBXFileReference; lastKnownFileType = text.plist.xml; path = Info.plist; sourceTree = "<group>"; };
		C652CC95254319E800DF94E6 /* Guess_ViewModel.swift */ = {isa = PBXFileReference; lastKnownFileType = sourcecode.swift; path = Guess_ViewModel.swift; sourceTree = "<group>"; };
/* End PBXFileReference section */

/* Begin PBXFrameworksBuildPhase section */
		C652CC65254306EC00DF94E6 /* Frameworks */ = {
			isa = PBXFrameworksBuildPhase;
			buildActionMask = 2147483647;
			files = (
			);
			runOnlyForDeploymentPostprocessing = 0;
		};
/* End PBXFrameworksBuildPhase section */

/* Begin PBXGroup section */
		C652CC5F254306EC00DF94E6 = {
			isa = PBXGroup;
			children = (
				C652CC6A254306EC00DF94E6 /* Muhammad_GuessingGame */,
				C652CC69254306EC00DF94E6 /* Products */,
			);
			sourceTree = "<group>";
		};
		C652CC69254306EC00DF94E6 /* Products */ = {
			isa = PBXGroup;
			children = (
				C652CC68254306EC00DF94E6 /* Muhammad_GuessingGame.app */,
			);
			name = Products;
			sourceTree = "<group>";
		};
		C652CC6A254306EC00DF94E6 /* Muhammad_GuessingGame */ = {
			isa = PBXGroup;
			children = (
				C652CC8F25430B1A00DF94E6 /* view */,
				C652CC84254309EA00DF94E6 /* view_model */,
				C652CC83254309DE00DF94E6 /* model */,
				C652CC6B254306EC00DF94E6 /* AppDelegate.swift */,
				C652CC6D254306ED00DF94E6 /* SceneDelegate.swift */,
				C652CC74254306ED00DF94E6 /* Assets.xcassets */,
				C652CC79254306ED00DF94E6 /* LaunchScreen.storyboard */,
				C652CC7C254306ED00DF94E6 /* Info.plist */,
				C652CC71254306ED00DF94E6 /* Muhammad_GuessingGame.xcdatamodeld */,
				C652CC76254306ED00DF94E6 /* Preview Content */,
			);
			path = Muhammad_GuessingGame;
			sourceTree = "<group>";
		};
		C652CC76254306ED00DF94E6 /* Preview Content */ = {
			isa = PBXGroup;
			children = (
				C652CC77254306ED00DF94E6 /* Preview Assets.xcassets */,
			);
			path = "Preview Content";
			sourceTree = "<group>";
		};
		C652CC83254309DE00DF94E6 /* model */ = {
			isa = PBXGroup;
			children = (
			);
			path = model;
			sourceTree = "<group>";
		};
		C652CC84254309EA00DF94E6 /* view_model */ = {
			isa = PBXGroup;
			children = (
				C652CC95254319E800DF94E6 /* Guess_ViewModel.swift */,
			);
			path = view_model;
			sourceTree = "<group>";
		};
		C652CC8F25430B1A00DF94E6 /* view */ = {
			isa = PBXGroup;
			children = (
				C652CC6F254306ED00DF94E6 /* ContentView.swift */,
			);
			path = view;
			sourceTree = "<group>";
		};
/* End PBXGroup section */

/* Begin PBXNativeTarget section */
		C652CC67254306EC00DF94E6 /* Muhammad_GuessingGame */ = {
			isa = PBXNativeTarget;
			buildConfigurationList = C652CC7F254306ED00DF94E6 /* Build configuration list for PBXNativeTarget "Muhammad_GuessingGame" */;
			buildPhases = (
				C652CC64254306EC00DF94E6 /* Sources */,
				C652CC65254306EC00DF94E6 /* Frameworks */,
				C652CC66254306EC00DF94E6 /* Resources */,
			);
			buildRules = (
			);
			dependencies = (
			);
			name = Muhammad_GuessingGame;
			productName = Muhammad_GuessingGame;
			productReference = C652CC68254306EC00DF94E6 /* Muhammad_GuessingGame.app */;
			productType = "com.apple.product-type.application";
		};
/* End PBXNativeTarget section */

/* Begin PBXProject section */
		C652CC60254306EC00DF94E6 /* Project object */ = {
			isa = PBXProject;
			attributes = {
				LastSwiftUpdateCheck = 1210;
				LastUpgradeCheck = 1210;
				TargetAttributes = {
					C652CC67254306EC00DF94E6 = {
						CreatedOnToolsVersion = 12.1;
					};
				};
			};
			buildConfigurationList = C652CC63254306EC00DF94E6 /* Build configuration list for PBXProject "Muhammad_GuessingGame" */;
			compatibilityVersion = "Xcode 9.3";
			developmentRegion = en;
			hasScannedForEncodings = 0;
			knownRegions = (
				en,
				Base,
			);
			mainGroup = C652CC5F254306EC00DF94E6;
			productRefGroup = C652CC69254306EC00DF94E6 /* Products */;
			projectDirPath = "";
			projectRoot = "";
			targets = (
				C652CC67254306EC00DF94E6 /* Muhammad_GuessingGame */,
			);
		};
/* End PBXProject section */

/* Begin PBXResourcesBuildPhase section */
		C652CC66254306EC00DF94E6 /* Resources */ = {
			isa = PBXResourcesBuildPhase;
			buildActionMask = 2147483647;
			files = (
				C652CC7B254306ED00DF94E6 /* LaunchScreen.storyboard in Resources */,
				C652CC78254306ED00DF94E6 /* Preview Assets.xcassets in Resources */,
				C652CC75254306ED00DF94E6 /* Assets.xcassets in Resources */,
			);
			runOnlyForDeploymentPostprocessing = 0;
		};
/* End PBXResourcesBuildPhase section */

/* Begin PBXSourcesBuildPhase section */
		C652CC64254306EC00DF94E6 /* Sources */ = {
			isa = PBXSourcesBuildPhase;
			buildActionMask = 2147483647;
			files = (
				C652CC6C254306EC00DF94E6 /* AppDelegate.swift in Sources */,
				C652CC6E254306ED00DF94E6 /* SceneDelegate.swift in Sources */,
				C652CC73254306ED00DF94E6 /* Muhammad_GuessingGame.xcdatamodeld in Sources */,
				C652CC96254319E800DF94E6 /* Guess_ViewModel.swift in Sources */,
				C652CC70254306ED00DF94E6 /* ContentView.swift in Sources */,
			);
			runOnlyForDeploymentPostprocessing = 0;
		};
/* End PBXSourcesBuildPhase section */

/* Begin PBXVariantGroup section */
		C652CC79254306ED00DF94E6 /* LaunchScreen.storyboard */ = {
			isa = PBXVariantGroup;
			children = (
				C652CC7A254306ED00DF94E6 /* Base */,
			);
			name = LaunchScreen.storyboard;
			sourceTree = "<group>";
		};
/* End PBXVariantGroup section */

/* Begin XCBuildConfiguration section */
		C652CC7D254306ED00DF94E6 /* Debug */ = {
			isa = XCBuildConfiguration;
			buildSettings = {
				ALWAYS_SEARCH_USER_PATHS = NO;
				CLANG_ANALYZER_NONNULL = YES;
				CLANG_ANALYZER_NUMBER_OBJECT_CONVERSION = YES_AGGRESSIVE;
				CLANG_CXX_LANGUAGE_STANDARD = "gnu++14";
				CLANG_CXX_LIBRARY = "libc++";
				CLANG_ENABLE_MODULES = YES;
				CLANG_ENABLE_OBJC_ARC = YES;
				CLANG_ENABLE_OBJC_WEAK = YES;
				CLANG_WARN_BLOCK_CAPTURE_AUTORELEASING = YES;
				CLANG_WARN_BOOL_CONVERSION = YES;
				CLANG_WARN_COMMA = YES;
				CLANG_WARN_CONSTANT_CONVERSION = YES;
				CLANG_WARN_DEPRECATED_OBJC_IMPLEMENTATIONS = YES;
				CLANG_WARN_DIRECT_OBJC_ISA_USAGE = YES_ERROR;
				CLANG_WARN_DOCUMENTATION_COMMENTS = YES;
				CLANG_WARN_EMPTY_BODY = YES;
				CLANG_WARN_ENUM_CONVERSION = YES;
				CLANG_WARN_INFINITE_RECURSION = YES;
				CLANG_WARN_INT_CONVERSION = YES;
				CLANG_WARN_NON_LITERAL_NULL_CONVERSION = YES;
				CLANG_WARN_OBJC_IMPLICIT_RETAIN_SELF = YES;
				CLANG_WARN_OBJC_LITERAL_CONVERSION = YES;
				CLANG_WARN_OBJC_ROOT_CLASS = YES_ERROR;
				CLANG_WARN_QUOTED_INCLUDE_IN_FRAMEWORK_HEADER = YES;
				CLANG_WARN_RANGE_LOOP_ANALYSIS = YES;
				CLANG_WARN_STRICT_PROTOTYPES = YES;
				CLANG_WARN_SUSPICIOUS_MOVE = YES;
				CLANG_WARN_UNGUARDED_AVAILABILITY = YES_AGGRESSIVE;
				CLANG_WARN_UNREACHABLE_CODE = YES;
				CLANG_WARN__DUPLICATE_METHOD_MATCH = YES;
				COPY_PHASE_STRIP = NO;
				DEBUG_INFORMATION_FORMAT = dwarf;
				ENABLE_STRICT_OBJC_MSGSEND = YES;
				ENABLE_TESTABILITY = YES;
				GCC_C_LANGUAGE_STANDARD = gnu11;
				GCC_DYNAMIC_NO_PIC = NO;
				GCC_NO_COMMON_BLOCKS = YES;
				GCC_OPTIMIZATION_LEVEL = 0;
				GCC_PREPROCESSOR_DEFINITIONS = (
					"DEBUG=1",
					"$(inherited)",
				);
				GCC_WARN_64_TO_32_BIT_CONVERSION = YES;
				GCC_WARN_ABOUT_RETURN_TYPE = YES_ERROR;
				GCC_WARN_UNDECLARED_SELECTOR = YES;
				GCC_WARN_UNINITIALIZED_AUTOS = YES_AGGRESSIVE;
				GCC_WARN_UNUSED_FUNCTION = YES;
				GCC_WARN_UNUSED_VARIABLE = YES;
				IPHONEOS_DEPLOYMENT_TARGET = 14.1;
				MTL_ENABLE_DEBUG_INFO = INCLUDE_SOURCE;
				MTL_FAST_MATH = YES;
				ONLY_ACTIVE_ARCH = YES;
				SDKROOT = iphoneos;
				SWIFT_ACTIVE_COMPILATION_CONDITIONS = DEBUG;
				SWIFT_OPTIMIZATION_LEVEL = "-Onone";
			};
			name = Debug;
		};
		C652CC7E254306ED00DF94E6 /* Release */ = {
			isa = XCBuildConfiguration;
			buildSettings = {
				ALWAYS_SEARCH_USER_PATHS = NO;
				CLANG_ANALYZER_NONNULL = YES;
				CLANG_ANALYZER_NUMBER_OBJECT_CONVERSION = YES_AGGRESSIVE;
				CLANG_CXX_LANGUAGE_STANDARD = "gnu++14";
				CLANG_CXX_LIBRARY = "libc++";
				CLANG_ENABLE_MODULES = YES;
				CLANG_ENABLE_OBJC_ARC = YES;
				CLANG_ENABLE_OBJC_WEAK = YES;
				CLANG_WARN_BLOCK_CAPTURE_AUTORELEASING = YES;
				CLANG_WARN_BOOL_CONVERSION = YES;
				CLANG_WARN_COMMA = YES;
				CLANG_WARN_CONSTANT_CONVERSION = YES;
				CLANG_WARN_DEPRECATED_OBJC_IMPLEMENTATIONS = YES;
				CLANG_WARN_DIRECT_OBJC_ISA_USAGE = YES_ERROR;
				CLANG_WARN_DOCUMENTATION_COMMENTS = YES;
				CLANG_WARN_EMPTY_BODY = YES;
				CLANG_WARN_ENUM_CONVERSION = YES;
				CLANG_WARN_INFINITE_RECURSION = YES;
				CLANG_WARN_INT_CONVERSION = YES;
				CLANG_WARN_NON_LITERAL_NULL_CONVERSION = YES;
				CLANG_WARN_OBJC_IMPLICIT_RETAIN_SELF = YES;
				CLANG_WARN_OBJC_LITERAL_CONVERSION = YES;
				CLANG_WARN_OBJC_ROOT_CLASS = YES_ERROR;
				CLANG_WARN_QUOTED_INCLUDE_IN_FRAMEWORK_HEADER = YES;
				CLANG_WARN_RANGE_LOOP_ANALYSIS = YES;
				CLANG_WARN_STRICT_PROTOTYPES = YES;
				CLANG_WARN_SUSPICIOUS_MOVE = YES;
				CLANG_WARN_UNGUARDED_AVAILABILITY = YES_AGGRESSIVE;
				CLANG_WARN_UNREACHABLE_CODE = YES;
				CLANG_WARN__DUPLICATE_METHOD_MATCH = YES;
				COPY_PHASE_STRIP = NO;
				DEBUG_INFORMATION_FORMAT = "dwarf-with-dsym";
				ENABLE_NS_ASSERTIONS = NO;
				ENABLE_STRICT_OBJC_MSGSEND = YES;
				GCC_C_LANGUAGE_STANDARD = gnu11;
				GCC_NO_COMMON_BLOCKS = YES;
				GCC_WARN_64_TO_32_BIT_CONVERSION = YES;
				GCC_WARN_ABOUT_RETURN_TYPE = YES_ERROR;
				GCC_WARN_UNDECLARED_SELECTOR = YES;
				GCC_WARN_UNINITIALIZED_AUTOS = YES_AGGRESSIVE;
				GCC_WARN_UNUSED_FUNCTION = YES;
				GCC_WARN_UNUSED_VARIABLE = YES;
				IPHONEOS_DEPLOYMENT_TARGET = 14.1;
				MTL_ENABLE_DEBUG_INFO = NO;
				MTL_FAST_MATH = YES;
				SDKROOT = iphoneos;
				SWIFT_COMPILATION_MODE = wholemodule;
				SWIFT_OPTIMIZATION_LEVEL = "-O";
				VALIDATE_PRODUCT = YES;
			};
			name = Release;
		};
		C652CC80254306ED00DF94E6 /* Debug */ = {
			isa = XCBuildConfiguration;
			buildSettings = {
				ASSETCATALOG_COMPILER_APPICON_NAME = AppIcon;
				ASSETCATALOG_COMPILER_GLOBAL_ACCENT_COLOR_NAME = AccentColor;
				CODE_SIGN_STYLE = Automatic;
				DEVELOPMENT_ASSET_PATHS = "\"Muhammad_GuessingGame/Preview Content\"";
				DEVELOPMENT_TEAM = 8L69HN8686;
				ENABLE_PREVIEWS = YES;
				INFOPLIST_FILE = Muhammad_GuessingGame/Info.plist;
				LD_RUNPATH_SEARCH_PATHS = (
					"$(inherited)",
					"@executable_path/Frameworks",
				);
				PRODUCT_BUNDLE_IDENTIFIER = "com.shahid2.Muhammad-GuessingGame";
				PRODUCT_NAME = "$(TARGET_NAME)";
				SWIFT_VERSION = 5.0;
				TARGETED_DEVICE_FAMILY = "1,2";
			};
			name = Debug;
		};
		C652CC81254306ED00DF94E6 /* Release */ = {
			isa = XCBuildConfiguration;
			buildSettings = {
				ASSETCATALOG_COMPILER_APPICON_NAME = AppIcon;
				ASSETCATALOG_COMPILER_GLOBAL_ACCENT_COLOR_NAME = AccentColor;
				CODE_SIGN_STYLE = Automatic;
				DEVELOPMENT_ASSET_PATHS = "\"Muhammad_GuessingGame/Preview Content\"";
				DEVELOPMENT_TEAM = 8L69HN8686;
				ENABLE_PREVIEWS = YES;
				INFOPLIST_FILE = Muhammad_GuessingGame/Info.plist;
				LD_RUNPATH_SEARCH_PATHS = (
					"$(inherited)",
					"@executable_path/Frameworks",
				);
				PRODUCT_BUNDLE_IDENTIFIER = "com.shahid2.Muhammad-GuessingGame";
				PRODUCT_NAME = "$(TARGET_NAME)";
				SWIFT_VERSION = 5.0;
				TARGETED_DEVICE_FAMILY = "1,2";
			};
			name = Release;
		};
/* End XCBuildConfiguration section */

/* Begin XCConfigurationList section */
		C652CC63254306EC00DF94E6 /* Build configuration list for PBXProject "Muhammad_GuessingGame" */ = {
			isa = XCConfigurationList;
			buildConfigurations = (
				C652CC7D254306ED00DF94E6 /* Debug */,
				C652CC7E254306ED00DF94E6 /* Release */,
			);
			defaultConfigurationIsVisible = 0;
			defaultConfigurationName = Release;
		};
		C652CC7F254306ED00DF94E6 /* Build configuration list for PBXNativeTarget "Muhammad_GuessingGame" */ = {
			isa = XCConfigurationList;
			buildConfigurations = (
				C652CC80254306ED00DF94E6 /* Debug */,
				C652CC81254306ED00DF94E6 /* Release */,
			);
			defaultConfigurationIsVisible = 0;
			defaultConfigurationName = Release;
		};
/* End XCConfigurationList section */

/* Begin XCVersionGroup section */
		C652CC71254306ED00DF94E6 /* Muhammad_GuessingGame.xcdatamodeld */ = {
			isa = XCVersionGroup;
			children = (
				C652CC72254306ED00DF94E6 /* Muhammad_GuessingGame.xcdatamodel */,
			);
			currentVersion = C652CC72254306ED00DF94E6 /* Muhammad_GuessingGame.xcdatamodel */;
			path = Muhammad_GuessingGame.xcdatamodeld;
			sourceTree = "<group>";
			versionGroupType = wrapper.xcdatamodel;
		};
/* End XCVersionGroup section */
	};
	rootObject = C652CC60254306EC00DF94E6 /* Project object */;
}
